// !$*UTF8*$!
{
	archiveVersion = 1;
	classes = {
	};
	objectVersion = 50;
	objects = {

/* Begin PBXBuildFile section */
		533235EAA471547567FCD6E5 /* Pods_tumblrUITests.framework in Frameworks */ = {isa = PBXBuildFile; fileRef = C4C29B0C4BDDE68F1038A405 /* Pods_tumblrUITests.framework */; };
		88D0AE98062171F8C37F73E9 /* Pods_tumblr.framework in Frameworks */ = {isa = PBXBuildFile; fileRef = 662B1B143BD30F0307A0154D /* Pods_tumblr.framework */; };
		A91F3A8E23306B050046F402 /* AppDelegate.swift in Sources */ = {isa = PBXBuildFile; fileRef = A91F3A8D23306B050046F402 /* AppDelegate.swift */; };
		A91F3A9323306B050046F402 /* Main.storyboard in Resources */ = {isa = PBXBuildFile; fileRef = A91F3A9123306B050046F402 /* Main.storyboard */; };
		A91F3A9523306B060046F402 /* Assets.xcassets in Resources */ = {isa = PBXBuildFile; fileRef = A91F3A9423306B060046F402 /* Assets.xcassets */; };
		A91F3A9823306B060046F402 /* LaunchScreen.storyboard in Resources */ = {isa = PBXBuildFile; fileRef = A91F3A9623306B060046F402 /* LaunchScreen.storyboard */; };
		A91F3AA323306B060046F402 /* tumblrTests.swift in Sources */ = {isa = PBXBuildFile; fileRef = A91F3AA223306B060046F402 /* tumblrTests.swift */; };
		A91F3AAE23306B060046F402 /* tumblrUITests.swift in Sources */ = {isa = PBXBuildFile; fileRef = A91F3AAD23306B060046F402 /* tumblrUITests.swift */; };
		A91F3ABC23306C3E0046F402 /* PhotosViewController.swift in Sources */ = {isa = PBXBuildFile; fileRef = A91F3ABB23306C3E0046F402 /* PhotosViewController.swift */; };
		A91F3ABE233071370046F402 /* PhotoCell.swift in Sources */ = {isa = PBXBuildFile; fileRef = A91F3ABD233071370046F402 /* PhotoCell.swift */; };
		EE8AF3AF2F62495793F95521 /* Pods_tumblrTests.framework in Frameworks */ = {isa = PBXBuildFile; fileRef = 091830D9B79ED921A7C7AABF /* Pods_tumblrTests.framework */; };
/* End PBXBuildFile section */

/* Begin PBXContainerItemProxy section */
		A91F3A9F23306B060046F402 /* PBXContainerItemProxy */ = {
			isa = PBXContainerItemProxy;
			containerPortal = A91F3A8223306B050046F402 /* Project object */;
			proxyType = 1;
			remoteGlobalIDString = A91F3A8923306B050046F402;
			remoteInfo = tumblr;
		};
		A91F3AAA23306B060046F402 /* PBXContainerItemProxy */ = {
			isa = PBXContainerItemProxy;
			containerPortal = A91F3A8223306B050046F402 /* Project object */;
			proxyType = 1;
			remoteGlobalIDString = A91F3A8923306B050046F402;
			remoteInfo = tumblr;
		};
/* End PBXContainerItemProxy section */

/* Begin PBXFileReference section */
		00EA63B96C21F597216A5859 /* Pods-tumblr.release.xcconfig */ = {isa = PBXFileReference; includeInIndex = 1; lastKnownFileType = text.xcconfig; name = "Pods-tumblr.release.xcconfig"; path = "Target Support Files/Pods-tumblr/Pods-tumblr.release.xcconfig"; sourceTree = "<group>"; };
		091830D9B79ED921A7C7AABF /* Pods_tumblrTests.framework */ = {isa = PBXFileReference; explicitFileType = wrapper.framework; includeInIndex = 0; path = Pods_tumblrTests.framework; sourceTree = BUILT_PRODUCTS_DIR; };
		3042A870AEF00EE53EFECD40 /* Pods-tumblrTests.release.xcconfig */ = {isa = PBXFileReference; includeInIndex = 1; lastKnownFileType = text.xcconfig; name = "Pods-tumblrTests.release.xcconfig"; path = "Target Support Files/Pods-tumblrTests/Pods-tumblrTests.release.xcconfig"; sourceTree = "<group>"; };
		3E72BA9CC06E0DC5A8AD7CF8 /* Pods-tumblr.debug.xcconfig */ = {isa = PBXFileReference; includeInIndex = 1; lastKnownFileType = text.xcconfig; name = "Pods-tumblr.debug.xcconfig"; path = "Target Support Files/Pods-tumblr/Pods-tumblr.debug.xcconfig"; sourceTree = "<group>"; };
		57336C3321942B282D5B7D66 /* Pods-tumblrUITests.debug.xcconfig */ = {isa = PBXFileReference; includeInIndex = 1; lastKnownFileType = text.xcconfig; name = "Pods-tumblrUITests.debug.xcconfig"; path = "Target Support Files/Pods-tumblrUITests/Pods-tumblrUITests.debug.xcconfig"; sourceTree = "<group>"; };
		662B1B143BD30F0307A0154D /* Pods_tumblr.framework */ = {isa = PBXFileReference; explicitFileType = wrapper.framework; includeInIndex = 0; path = Pods_tumblr.framework; sourceTree = BUILT_PRODUCTS_DIR; };
		8A23E40DE1183CF8AB2133C4 /* Pods-tumblrUITests.release.xcconfig */ = {isa = PBXFileReference; includeInIndex = 1; lastKnownFileType = text.xcconfig; name = "Pods-tumblrUITests.release.xcconfig"; path = "Target Support Files/Pods-tumblrUITests/Pods-tumblrUITests.release.xcconfig"; sourceTree = "<group>"; };
		A91F3A8A23306B050046F402 /* tumblr.app */ = {isa = PBXFileReference; explicitFileType = wrapper.application; includeInIndex = 0; path = tumblr.app; sourceTree = BUILT_PRODUCTS_DIR; };
		A91F3A8D23306B050046F402 /* AppDelegate.swift */ = {isa = PBXFileReference; lastKnownFileType = sourcecode.swift; path = AppDelegate.swift; sourceTree = "<group>"; };
		A91F3A9223306B050046F402 /* Base */ = {isa = PBXFileReference; lastKnownFileType = file.storyboard; name = Base; path = Base.lproj/Main.storyboard; sourceTree = "<group>"; };
		A91F3A9423306B060046F402 /* Assets.xcassets */ = {isa = PBXFileReference; lastKnownFileType = folder.assetcatalog; path = Assets.xcassets; sourceTree = "<group>"; };
		A91F3A9723306B060046F402 /* Base */ = {isa = PBXFileReference; lastKnownFileType = file.storyboard; name = Base; path = Base.lproj/LaunchScreen.storyboard; sourceTree = "<group>"; };
		A91F3A9923306B060046F402 /* Info.plist */ = {isa = PBXFileReference; lastKnownFileType = text.plist.xml; path = Info.plist; sourceTree = "<group>"; };
		A91F3A9E23306B060046F402 /* tumblrTests.xctest */ = {isa = PBXFileReference; explicitFileType = wrapper.cfbundle; includeInIndex = 0; path = tumblrTests.xctest; sourceTree = BUILT_PRODUCTS_DIR; };
		A91F3AA223306B060046F402 /* tumblrTests.swift */ = {isa = PBXFileReference; lastKnownFileType = sourcecode.swift; path = tumblrTests.swift; sourceTree = "<group>"; };
		A91F3AA423306B060046F402 /* Info.plist */ = {isa = PBXFileReference; lastKnownFileType = text.plist.xml; path = Info.plist; sourceTree = "<group>"; };
		A91F3AA923306B060046F402 /* tumblrUITests.xctest */ = {isa = PBXFileReference; explicitFileType = wrapper.cfbundle; includeInIndex = 0; path = tumblrUITests.xctest; sourceTree = BUILT_PRODUCTS_DIR; };
		A91F3AAD23306B060046F402 /* tumblrUITests.swift */ = {isa = PBXFileReference; lastKnownFileType = sourcecode.swift; path = tumblrUITests.swift; sourceTree = "<group>"; };
		A91F3AAF23306B060046F402 /* Info.plist */ = {isa = PBXFileReference; lastKnownFileType = text.plist.xml; path = Info.plist; sourceTree = "<group>"; };
		A91F3ABB23306C3E0046F402 /* PhotosViewController.swift */ = {isa = PBXFileReference; lastKnownFileType = sourcecode.swift; path = PhotosViewController.swift; sourceTree = "<group>"; };
		A91F3ABD233071370046F402 /* PhotoCell.swift */ = {isa = PBXFileReference; lastKnownFileType = sourcecode.swift; path = PhotoCell.swift; sourceTree = "<group>"; };
		C38357CE31FAF71F5D567C34 /* Pods-tumblrTests.debug.xcconfig */ = {isa = PBXFileReference; includeInIndex = 1; lastKnownFileType = text.xcconfig; name = "Pods-tumblrTests.debug.xcconfig"; path = "Target Support Files/Pods-tumblrTests/Pods-tumblrTests.debug.xcconfig"; sourceTree = "<group>"; };
		C4C29B0C4BDDE68F1038A405 /* Pods_tumblrUITests.framework */ = {isa = PBXFileReference; explicitFileType = wrapper.framework; includeInIndex = 0; path = Pods_tumblrUITests.framework; sourceTree = BUILT_PRODUCTS_DIR; };
/* End PBXFileReference section */

/* Begin PBXFrameworksBuildPhase section */
		A91F3A8723306B050046F402 /* Frameworks */ = {
			isa = PBXFrameworksBuildPhase;
			buildActionMask = 2147483647;
			files = (
				88D0AE98062171F8C37F73E9 /* Pods_tumblr.framework in Frameworks */,
			);
			runOnlyForDeploymentPostprocessing = 0;
		};
		A91F3A9B23306B060046F402 /* Frameworks */ = {
			isa = PBXFrameworksBuildPhase;
			buildActionMask = 2147483647;
			files = (
				EE8AF3AF2F62495793F95521 /* Pods_tumblrTests.framework in Frameworks */,
			);
			runOnlyForDeploymentPostprocessing = 0;
		};
		A91F3AA623306B060046F402 /* Frameworks */ = {
			isa = PBXFrameworksBuildPhase;
			buildActionMask = 2147483647;
			files = (
				533235EAA471547567FCD6E5 /* Pods_tumblrUITests.framework in Frameworks */,
			);
			runOnlyForDeploymentPostprocessing = 0;
		};
/* End PBXFrameworksBuildPhase section */

/* Begin PBXGroup section */
		205BFFB0992AF2C5B7F5001C /* Pods */ = {
			isa = PBXGroup;
			children = (
				3E72BA9CC06E0DC5A8AD7CF8 /* Pods-tumblr.debug.xcconfig */,
				00EA63B96C21F597216A5859 /* Pods-tumblr.release.xcconfig */,
				C38357CE31FAF71F5D567C34 /* Pods-tumblrTests.debug.xcconfig */,
				3042A870AEF00EE53EFECD40 /* Pods-tumblrTests.release.xcconfig */,
				57336C3321942B282D5B7D66 /* Pods-tumblrUITests.debug.xcconfig */,
				8A23E40DE1183CF8AB2133C4 /* Pods-tumblrUITests.release.xcconfig */,
			);
			name = Pods;
			path = Pods;
			sourceTree = "<group>";
		};
		21E6D23E9F5AD83B63BBF03F /* Frameworks */ = {
			isa = PBXGroup;
			children = (
				662B1B143BD30F0307A0154D /* Pods_tumblr.framework */,
				091830D9B79ED921A7C7AABF /* Pods_tumblrTests.framework */,
				C4C29B0C4BDDE68F1038A405 /* Pods_tumblrUITests.framework */,
			);
			name = Frameworks;
			sourceTree = "<group>";
		};
		A91F3A8123306B050046F402 = {
			isa = PBXGroup;
			children = (
				A91F3A8C23306B050046F402 /* tumblr */,
				A91F3AA123306B060046F402 /* tumblrTests */,
				A91F3AAC23306B060046F402 /* tumblrUITests */,
				A91F3A8B23306B050046F402 /* Products */,
				205BFFB0992AF2C5B7F5001C /* Pods */,
				21E6D23E9F5AD83B63BBF03F /* Frameworks */,
			);
			sourceTree = "<group>";
		};
		A91F3A8B23306B050046F402 /* Products */ = {
			isa = PBXGroup;
			children = (
				A91F3A8A23306B050046F402 /* tumblr.app */,
				A91F3A9E23306B060046F402 /* tumblrTests.xctest */,
				A91F3AA923306B060046F402 /* tumblrUITests.xctest */,
			);
			name = Products;
			sourceTree = "<group>";
		};
		A91F3A8C23306B050046F402 /* tumblr */ = {
			isa = PBXGroup;
			children = (
				A91F3A8D23306B050046F402 /* AppDelegate.swift */,
				A91F3A9123306B050046F402 /* Main.storyboard */,
				A91F3ABB23306C3E0046F402 /* PhotosViewController.swift */,
				A91F3ABD233071370046F402 /* PhotoCell.swift */,
				A91F3A9423306B060046F402 /* Assets.xcassets */,
				A91F3A9623306B060046F402 /* LaunchScreen.storyboard */,
				A91F3A9923306B060046F402 /* Info.plist */,
			);
			path = tumblr;
			sourceTree = "<group>";
		};
		A91F3AA123306B060046F402 /* tumblrTests */ = {
			isa = PBXGroup;
			children = (
				A91F3AA223306B060046F402 /* tumblrTests.swift */,
				A91F3AA423306B060046F402 /* Info.plist */,
			);
			path = tumblrTests;
			sourceTree = "<group>";
		};
		A91F3AAC23306B060046F402 /* tumblrUITests */ = {
			isa = PBXGroup;
			children = (
				A91F3AAD23306B060046F402 /* tumblrUITests.swift */,
				A91F3AAF23306B060046F402 /* Info.plist */,
			);
			path = tumblrUITests;
			sourceTree = "<group>";
		};
/* End PBXGroup section */

/* Begin PBXNativeTarget section */
		A91F3A8923306B050046F402 /* tumblr */ = {
			isa = PBXNativeTarget;
			buildConfigurationList = A91F3AB223306B060046F402 /* Build configuration list for PBXNativeTarget "tumblr" */;
			buildPhases = (
				28966664F7CC9689E1BD1DAC /* [CP] Check Pods Manifest.lock */,
				A91F3A8623306B050046F402 /* Sources */,
				A91F3A8723306B050046F402 /* Frameworks */,
				A91F3A8823306B050046F402 /* Resources */,
				F67DCE7C6E889F3D88602B01 /* [CP] Embed Pods Frameworks */,
			);
			buildRules = (
			);
			dependencies = (
			);
			name = tumblr;
			productName = tumblr;
			productReference = A91F3A8A23306B050046F402 /* tumblr.app */;
			productType = "com.apple.product-type.application";
		};
		A91F3A9D23306B060046F402 /* tumblrTests */ = {
			isa = PBXNativeTarget;
			buildConfigurationList = A91F3AB523306B060046F402 /* Build configuration list for PBXNativeTarget "tumblrTests" */;
			buildPhases = (
				119BBFF5D30810E0AA78D2BA /* [CP] Check Pods Manifest.lock */,
				A91F3A9A23306B060046F402 /* Sources */,
				A91F3A9B23306B060046F402 /* Frameworks */,
				A91F3A9C23306B060046F402 /* Resources */,
			);
			buildRules = (
			);
			dependencies = (
				A91F3AA023306B060046F402 /* PBXTargetDependency */,
			);
			name = tumblrTests;
			productName = tumblrTests;
			productReference = A91F3A9E23306B060046F402 /* tumblrTests.xctest */;
			productType = "com.apple.product-type.bundle.unit-test";
		};
		A91F3AA823306B060046F402 /* tumblrUITests */ = {
			isa = PBXNativeTarget;
			buildConfigurationList = A91F3AB823306B060046F402 /* Build configuration list for PBXNativeTarget "tumblrUITests" */;
			buildPhases = (
				BA828C27399E8DD4B3D41AD4 /* [CP] Check Pods Manifest.lock */,
				A91F3AA523306B060046F402 /* Sources */,
				A91F3AA623306B060046F402 /* Frameworks */,
				A91F3AA723306B060046F402 /* Resources */,
			);
			buildRules = (
			);
			dependencies = (
				A91F3AAB23306B060046F402 /* PBXTargetDependency */,
			);
			name = tumblrUITests;
			productName = tumblrUITests;
			productReference = A91F3AA923306B060046F402 /* tumblrUITests.xctest */;
			productType = "com.apple.product-type.bundle.ui-testing";
		};
/* End PBXNativeTarget section */

/* Begin PBXProject section */
		A91F3A8223306B050046F402 /* Project object */ = {
			isa = PBXProject;
			attributes = {
				LastSwiftUpdateCheck = 1030;
				LastUpgradeCheck = 1030;
				ORGANIZATIONNAME = "Chris ";
				TargetAttributes = {
					A91F3A8923306B050046F402 = {
						CreatedOnToolsVersion = 10.3;
					};
					A91F3A9D23306B060046F402 = {
						CreatedOnToolsVersion = 10.3;
						TestTargetID = A91F3A8923306B050046F402;
					};
					A91F3AA823306B060046F402 = {
						CreatedOnToolsVersion = 10.3;
						TestTargetID = A91F3A8923306B050046F402;
					};
				};
			};
			buildConfigurationList = A91F3A8523306B050046F402 /* Build configuration list for PBXProject "tumblr" */;
			compatibilityVersion = "Xcode 9.3";
			developmentRegion = en;
			hasScannedForEncodings = 0;
			knownRegions = (
				en,
				Base,
			);
			mainGroup = A91F3A8123306B050046F402;
			productRefGroup = A91F3A8B23306B050046F402 /* Products */;
			projectDirPath = "";
			projectRoot = "";
			targets = (
				A91F3A8923306B050046F402 /* tumblr */,
				A91F3A9D23306B060046F402 /* tumblrTests */,
				A91F3AA823306B060046F402 /* tumblrUITests */,
			);
		};
/* End PBXProject section */

/* Begin PBXResourcesBuildPhase section */
		A91F3A8823306B050046F402 /* Resources */ = {
			isa = PBXResourcesBuildPhase;
			buildActionMask = 2147483647;
			files = (
				A91F3A9823306B060046F402 /* LaunchScreen.storyboard in Resources */,
				A91F3A9523306B060046F402 /* Assets.xcassets in Resources */,
				A91F3A9323306B050046F402 /* Main.storyboard in Resources */,
			);
			runOnlyForDeploymentPostprocessing = 0;
		};
		A91F3A9C23306B060046F402 /* Resources */ = {
			isa = PBXResourcesBuildPhase;
			buildActionMask = 2147483647;
			files = (
			);
			runOnlyForDeploymentPostprocessing = 0;
		};
		A91F3AA723306B060046F402 /* Resources */ = {
			isa = PBXResourcesBuildPhase;
			buildActionMask = 2147483647;
			files = (
			);
			runOnlyForDeploymentPostprocessing = 0;
		};
/* End PBXResourcesBuildPhase section */

/* Begin PBXShellScriptBuildPhase section */
		119BBFF5D30810E0AA78D2BA /* [CP] Check Pods Manifest.lock */ = {
			isa = PBXShellScriptBuildPhase;
			buildActionMask = 2147483647;
			files = (
			);
			inputFileListPaths = (
			);
			inputPaths = (
				"${PODS_PODFILE_DIR_PATH}/Podfile.lock",
				"${PODS_ROOT}/Manifest.lock",
			);
			name = "[CP] Check Pods Manifest.lock";
			outputFileListPaths = (
			);
			outputPaths = (
				"$(DERIVED_FILE_DIR)/Pods-tumblrTests-checkManifestLockResult.txt",
			);
			runOnlyForDeploymentPostprocessing = 0;
			shellPath = /bin/sh;
			shellScript = "diff \"${PODS_PODFILE_DIR_PATH}/Podfile.lock\" \"${PODS_ROOT}/Manifest.lock\" > /dev/null\nif [ $? != 0 ] ; then\n    # print error to STDERR\n    echo \"error: The sandbox is not in sync with the Podfile.lock. Run 'pod install' or update your CocoaPods installation.\" >&2\n    exit 1\nfi\n# This output is used by Xcode 'outputs' to avoid re-running this script phase.\necho \"SUCCESS\" > \"${SCRIPT_OUTPUT_FILE_0}\"\n";
			showEnvVarsInLog = 0;
		};
		28966664F7CC9689E1BD1DAC /* [CP] Check Pods Manifest.lock */ = {
			isa = PBXShellScriptBuildPhase;
			buildActionMask = 2147483647;
			files = (
			);
			inputFileListPaths = (
			);
			inputPaths = (
				"${PODS_PODFILE_DIR_PATH}/Podfile.lock",
				"${PODS_ROOT}/Manifest.lock",
			);
			name = "[CP] Check Pods Manifest.lock";
			outputFileListPaths = (
			);
			outputPaths = (
				"$(DERIVED_FILE_DIR)/Pods-tumblr-checkManifestLockResult.txt",
			);
			runOnlyForDeploymentPostprocessing = 0;
			shellPath = /bin/sh;
			shellScript = "diff \"${PODS_PODFILE_DIR_PATH}/Podfile.lock\" \"${PODS_ROOT}/Manifest.lock\" > /dev/null\nif [ $? != 0 ] ; then\n    # print error to STDERR\n    echo \"error: The sandbox is not in sync with the Podfile.lock. Run 'pod install' or update your CocoaPods installation.\" >&2\n    exit 1\nfi\n# This output is used by Xcode 'outputs' to avoid re-running this script phase.\necho \"SUCCESS\" > \"${SCRIPT_OUTPUT_FILE_0}\"\n";
			showEnvVarsInLog = 0;
		};
		BA828C27399E8DD4B3D41AD4 /* [CP] Check Pods Manifest.lock */ = {
			isa = PBXShellScriptBuildPhase;
			buildActionMask = 2147483647;
			files = (
			);
			inputFileListPaths = (
			);
			inputPaths = (
				"${PODS_PODFILE_DIR_PATH}/Podfile.lock",
				"${PODS_ROOT}/Manifest.lock",
			);
			name = "[CP] Check Pods Manifest.lock";
			outputFileListPaths = (
			);
			outputPaths = (
				"$(DERIVED_FILE_DIR)/Pods-tumblrUITests-checkManifestLockResult.txt",
			);
			runOnlyForDeploymentPostprocessing = 0;
			shellPath = /bin/sh;
			shellScript = "diff \"${PODS_PODFILE_DIR_PATH}/Podfile.lock\" \"${PODS_ROOT}/Manifest.lock\" > /dev/null\nif [ $? != 0 ] ; then\n    # print error to STDERR\n    echo \"error: The sandbox is not in sync with the Podfile.lock. Run 'pod install' or update your CocoaPods installation.\" >&2\n    exit 1\nfi\n# This output is used by Xcode 'outputs' to avoid re-running this script phase.\necho \"SUCCESS\" > \"${SCRIPT_OUTPUT_FILE_0}\"\n";
			showEnvVarsInLog = 0;
		};
		F67DCE7C6E889F3D88602B01 /* [CP] Embed Pods Frameworks */ = {
			isa = PBXShellScriptBuildPhase;
			buildActionMask = 2147483647;
			files = (
			);
			inputFileListPaths = (
				"${PODS_ROOT}/Target Support Files/Pods-tumblr/Pods-tumblr-frameworks-${CONFIGURATION}-input-files.xcfilelist",
			);
			name = "[CP] Embed Pods Frameworks";
			outputFileListPaths = (
				"${PODS_ROOT}/Target Support Files/Pods-tumblr/Pods-tumblr-frameworks-${CONFIGURATION}-output-files.xcfilelist",
			);
			runOnlyForDeploymentPostprocessing = 0;
			shellPath = /bin/sh;
			shellScript = "\"${PODS_ROOT}/Target Support Files/Pods-tumblr/Pods-tumblr-frameworks.sh\"\n";
			showEnvVarsInLog = 0;
		};
/* End PBXShellScriptBuildPhase section */

/* Begin PBXSourcesBuildPhase section */
		A91F3A8623306B050046F402 /* Sources */ = {
			isa = PBXSourcesBuildPhase;
			buildActionMask = 2147483647;
			files = (
				A91F3A8E23306B050046F402 /* AppDelegate.swift in Sources */,
				A91F3ABE233071370046F402 /* PhotoCell.swift in Sources */,
				A91F3ABC23306C3E0046F402 /* PhotosViewController.swift in Sources */,
			);
			runOnlyForDeploymentPostprocessing = 0;
		};
		A91F3A9A23306B060046F402 /* Sources */ = {
			isa = PBXSourcesBuildPhase;
			buildActionMask = 2147483647;
			files = (
				A91F3AA323306B060046F402 /* tumblrTests.swift in Sources */,
			);
			runOnlyForDeploymentPostprocessing = 0;
		};
		A91F3AA523306B060046F402 /* Sources */ = {
			isa = PBXSourcesBuildPhase;
			buildActionMask = 2147483647;
			files = (
				A91F3AAE23306B060046F402 /* tumblrUITests.swift in Sources */,
			);
			runOnlyForDeploymentPostprocessing = 0;
		};
/* End PBXSourcesBuildPhase section */

/* Begin PBXTargetDependency section */
		A91F3AA023306B060046F402 /* PBXTargetDependency */ = {
			isa = PBXTargetDependency;
			target = A91F3A8923306B050046F402 /* tumblr */;
			targetProxy = A91F3A9F23306B060046F402 /* PBXContainerItemProxy */;
		};
		A91F3AAB23306B060046F402 /* PBXTargetDependency */ = {
			isa = PBXTargetDependency;
			target = A91F3A8923306B050046F402 /* tumblr */;
			targetProxy = A91F3AAA23306B060046F402 /* PBXContainerItemProxy */;
		};
/* End PBXTargetDependency section */

/* Begin PBXVariantGroup section */
		A91F3A9123306B050046F402 /* Main.storyboard */ = {
			isa = PBXVariantGroup;
			children = (
				A91F3A9223306B050046F402 /* Base */,
			);
			name = Main.storyboard;
			sourceTree = "<group>";
		};
		A91F3A9623306B060046F402 /* LaunchScreen.storyboard */ = {
			isa = PBXVariantGroup;
			children = (
				A91F3A9723306B060046F402 /* Base */,
			);
			name = LaunchScreen.storyboard;
			sourceTree = "<group>";
		};
/* End PBXVariantGroup section */

/* Begin XCBuildConfiguration section */
		A91F3AB023306B060046F402 /* Debug */ = {
			isa = XCBuildConfiguration;
			buildSettings = {
				ALWAYS_SEARCH_USER_PATHS = NO;
				CLANG_ANALYZER_NONNULL = YES;
				CLANG_ANALYZER_NUMBER_OBJECT_CONVERSION = YES_AGGRESSIVE;
				CLANG_CXX_LANGUAGE_STANDARD = "gnu++14";
				CLANG_CXX_LIBRARY = "libc++";
				CLANG_ENABLE_MODULES = YES;
				CLANG_ENABLE_OBJC_ARC = YES;
				CLANG_ENABLE_OBJC_WEAK = YES;
				CLANG_WARN_BLOCK_CAPTURE_AUTORELEASING = YES;
				CLANG_WARN_BOOL_CONVERSION = YES;
				CLANG_WARN_COMMA = YES;
				CLANG_WARN_CONSTANT_CONVERSION = YES;
				CLANG_WARN_DEPRECATED_OBJC_IMPLEMENTATIONS = YES;
				CLANG_WARN_DIRECT_OBJC_ISA_USAGE = YES_ERROR;
				CLANG_WARN_DOCUMENTATION_COMMENTS = YES;
				CLANG_WARN_EMPTY_BODY = YES;
				CLANG_WARN_ENUM_CONVERSION = YES;
				CLANG_WARN_INFINITE_RECURSION = YES;
				CLANG_WARN_INT_CONVERSION = YES;
				CLANG_WARN_NON_LITERAL_NULL_CONVERSION = YES;
				CLANG_WARN_OBJC_IMPLICIT_RETAIN_SELF = YES;
				CLANG_WARN_OBJC_LITERAL_CONVERSION = YES;
				CLANG_WARN_OBJC_ROOT_CLASS = YES_ERROR;
				CLANG_WARN_RANGE_LOOP_ANALYSIS = YES;
				CLANG_WARN_STRICT_PROTOTYPES = YES;
				CLANG_WARN_SUSPICIOUS_MOVE = YES;
				CLANG_WARN_UNGUARDED_AVAILABILITY = YES_AGGRESSIVE;
				CLANG_WARN_UNREACHABLE_CODE = YES;
				CLANG_WARN__DUPLICATE_METHOD_MATCH = YES;
				CODE_SIGN_IDENTITY = "iPhone Developer";
				COPY_PHASE_STRIP = NO;
				DEBUG_INFORMATION_FORMAT = dwarf;
				ENABLE_STRICT_OBJC_MSGSEND = YES;
				ENABLE_TESTABILITY = YES;
				GCC_C_LANGUAGE_STANDARD = gnu11;
				GCC_DYNAMIC_NO_PIC = NO;
				GCC_NO_COMMON_BLOCKS = YES;
				GCC_OPTIMIZATION_LEVEL = 0;
				GCC_PREPROCESSOR_DEFINITIONS = (
					"DEBUG=1",
					"$(inherited)",
				);
				GCC_WARN_64_TO_32_BIT_CONVERSION = YES;
				GCC_WARN_ABOUT_RETURN_TYPE = YES_ERROR;
				GCC_WARN_UNDECLARED_SELECTOR = YES;
				GCC_WARN_UNINITIALIZED_AUTOS = YES_AGGRESSIVE;
				GCC_WARN_UNUSED_FUNCTION = YES;
				GCC_WARN_UNUSED_VARIABLE = YES;
				IPHONEOS_DEPLOYMENT_TARGET = 12.4;
				MTL_ENABLE_DEBUG_INFO = INCLUDE_SOURCE;
				MTL_FAST_MATH = YES;
				ONLY_ACTIVE_ARCH = YES;
				SDKROOT = iphoneos;
				SWIFT_ACTIVE_COMPILATION_CONDITIONS = DEBUG;
				SWIFT_OPTIMIZATION_LEVEL = "-Onone";
			};
			name = Debug;
		};
		A91F3AB123306B060046F402 /* Release */ = {
			isa = XCBuildConfiguration;
			buildSettings = {
				ALWAYS_SEARCH_USER_PATHS = NO;
				CLANG_ANALYZER_NONNULL = YES;
				CLANG_ANALYZER_NUMBER_OBJECT_CONVERSION = YES_AGGRESSIVE;
				CLANG_CXX_LANGUAGE_STANDARD = "gnu++14";
				CLANG_CXX_LIBRARY = "libc++";
				CLANG_ENABLE_MODULES = YES;
				CLANG_ENABLE_OBJC_ARC = YES;
				CLANG_ENABLE_OBJC_WEAK = YES;
				CLANG_WARN_BLOCK_CAPTURE_AUTORELEASING = YES;
				CLANG_WARN_BOOL_CONVERSION = YES;
				CLANG_WARN_COMMA = YES;
				CLANG_WARN_CONSTANT_CONVERSION = YES;
				CLANG_WARN_DEPRECATED_OBJC_IMPLEMENTATIONS = YES;
				CLANG_WARN_DIRECT_OBJC_ISA_USAGE = YES_ERROR;
				CLANG_WARN_DOCUMENTATION_COMMENTS = YES;
				CLANG_WARN_EMPTY_BODY = YES;
				CLANG_WARN_ENUM_CONVERSION = YES;
				CLANG_WARN_INFINITE_RECURSION = YES;
				CLANG_WARN_INT_CONVERSION = YES;
				CLANG_WARN_NON_LITERAL_NULL_CONVERSION = YES;
				CLANG_WARN_OBJC_IMPLICIT_RETAIN_SELF = YES;
				CLANG_WARN_OBJC_LITERAL_CONVERSION = YES;
				CLANG_WARN_OBJC_ROOT_CLASS = YES_ERROR;
				CLANG_WARN_RANGE_LOOP_ANALYSIS = YES;
				CLANG_WARN_STRICT_PROTOTYPES = YES;
				CLANG_WARN_SUSPICIOUS_MOVE = YES;
				CLANG_WARN_UNGUARDED_AVAILABILITY = YES_AGGRESSIVE;
				CLANG_WARN_UNREACHABLE_CODE = YES;
				CLANG_WARN__DUPLICATE_METHOD_MATCH = YES;
				CODE_SIGN_IDENTITY = "iPhone Developer";
				COPY_PHASE_STRIP = NO;
				DEBUG_INFORMATION_FORMAT = "dwarf-with-dsym";
				ENABLE_NS_ASSERTIONS = NO;
				ENABLE_STRICT_OBJC_MSGSEND = YES;
				GCC_C_LANGUAGE_STANDARD = gnu11;
				GCC_NO_COMMON_BLOCKS = YES;
				GCC_WARN_64_TO_32_BIT_CONVERSION = YES;
				GCC_WARN_ABOUT_RETURN_TYPE = YES_ERROR;
				GCC_WARN_UNDECLARED_SELECTOR = YES;
				GCC_WARN_UNINITIALIZED_AUTOS = YES_AGGRESSIVE;
				GCC_WARN_UNUSED_FUNCTION = YES;
				GCC_WARN_UNUSED_VARIABLE = YES;
				IPHONEOS_DEPLOYMENT_TARGET = 12.4;
				MTL_ENABLE_DEBUG_INFO = NO;
				MTL_FAST_MATH = YES;
				SDKROOT = iphoneos;
				SWIFT_COMPILATION_MODE = wholemodule;
				SWIFT_OPTIMIZATION_LEVEL = "-O";
				VALIDATE_PRODUCT = YES;
			};
			name = Release;
		};
		A91F3AB323306B060046F402 /* Debug */ = {
			isa = XCBuildConfiguration;
			baseConfigurationReference = 3E72BA9CC06E0DC5A8AD7CF8 /* Pods-tumblr.debug.xcconfig */;
			buildSettings = {
				ASSETCATALOG_COMPILER_APPICON_NAME = AppIcon;
				CODE_SIGN_STYLE = Automatic;
				INFOPLIST_FILE = tumblr/Info.plist;
				LD_RUNPATH_SEARCH_PATHS = (
					"$(inherited)",
					"@executable_path/Frameworks",
				);
				PRODUCT_BUNDLE_IDENTIFIER = Chris.tumblr;
				PRODUCT_NAME = "$(TARGET_NAME)";
				SWIFT_VERSION = 5.0;
				TARGETED_DEVICE_FAMILY = "1,2";
			};
			name = Debug;
		};
		A91F3AB423306B060046F402 /* Release */ = {
			isa = XCBuildConfiguration;
			baseConfigurationReference = 00EA63B96C21F597216A5859 /* Pods-tumblr.release.xcconfig */;
			buildSettings = {
				ASSETCATALOG_COMPILER_APPICON_NAME = AppIcon;
				CODE_SIGN_STYLE = Automatic;
				INFOPLIST_FILE = tumblr/Info.plist;
				LD_RUNPATH_SEARCH_PATHS = (
					"$(inherited)",
					"@executable_path/Frameworks",
				);
				PRODUCT_BUNDLE_IDENTIFIER = Chris.tumblr;
				PRODUCT_NAME = "$(TARGET_NAME)";
				SWIFT_VERSION = 5.0;
				TARGETED_DEVICE_FAMILY = "1,2";
			};
			name = Release;
		};
		A91F3AB623306B060046F402 /* Debug */ = {
			isa = XCBuildConfiguration;
			baseConfigurationReference = C38357CE31FAF71F5D567C34 /* Pods-tumblrTests.debug.xcconfig */;
			buildSettings = {
				ALWAYS_EMBED_SWIFT_STANDARD_LIBRARIES = YES;
				BUNDLE_LOADER = "$(TEST_HOST)";
				CODE_SIGN_STYLE = Automatic;
				INFOPLIST_FILE = tumblrTests/Info.plist;
				LD_RUNPATH_SEARCH_PATHS = (
					"$(inherited)",
					"@executable_path/Frameworks",
					"@loader_path/Frameworks",
				);
				PRODUCT_BUNDLE_IDENTIFIER = Chris.tumblrTests;
				PRODUCT_NAME = "$(TARGET_NAME)";
				SWIFT_VERSION = 5.0;
				TARGETED_DEVICE_FAMILY = "1,2";
				TEST_HOST = "$(BUILT_PRODUCTS_DIR)/tumblr.app/tumblr";
			};
			name = Debug;
		};
		A91F3AB723306B060046F402 /* Release */ = {
			isa = XCBuildConfiguration;
			baseConfigurationReference = 3042A870AEF00EE53EFECD40 /* Pods-tumblrTests.release.xcconfig */;
			buildSettings = {
				ALWAYS_EMBED_SWIFT_STANDARD_LIBRARIES = YES;
				BUNDLE_LOADER = "$(TEST_HOST)";
				CODE_SIGN_STYLE = Automatic;
				INFOPLIST_FILE = tumblrTests/Info.plist;
				LD_RUNPATH_SEARCH_PATHS = (
					"$(inherited)",
					"@executable_path/Frameworks",
					"@loader_path/Frameworks",
				);
				PRODUCT_BUNDLE_IDENTIFIER = Chris.tumblrTests;
				PRODUCT_NAME = "$(TARGET_NAME)";
				SWIFT_VERSION = 5.0;
				TARGETED_DEVICE_FAMILY = "1,2";
				TEST_HOST = "$(BUILT_PRODUCTS_DIR)/tumblr.app/tumblr";
			};
			name = Release;
		};
		A91F3AB923306B060046F402 /* Debug */ = {
			isa = XCBuildConfiguration;
			baseConfigurationReference = 57336C3321942B282D5B7D66 /* Pods-tumblrUITests.debug.xcconfig */;
			buildSettings = {
				ALWAYS_EMBED_SWIFT_STANDARD_LIBRARIES = YES;
				CODE_SIGN_STYLE = Automatic;
				INFOPLIST_FILE = tumblrUITests/Info.plist;
				LD_RUNPATH_SEARCH_PATHS = (
					"$(inherited)",
					"@executable_path/Frameworks",
					"@loader_path/Frameworks",
				);
				PRODUCT_BUNDLE_IDENTIFIER = Chris.tumblrUITests;
				PRODUCT_NAME = "$(TARGET_NAME)";
				SWIFT_VERSION = 5.0;
				TARGETED_DEVICE_FAMILY = "1,2";
				TEST_TARGET_NAME = tumblr;
			};
			name = Debug;
		};
		A91F3ABA23306B060046F402 /* Release */ = {
			isa = XCBuildConfiguration;
			baseConfigurationReference = 8A23E40DE1183CF8AB2133C4 /* Pods-tumblrUITests.release.xcconfig */;
			buildSettings = {
				ALWAYS_EMBED_SWIFT_STANDARD_LIBRARIES = YES;
				CODE_SIGN_STYLE = Automatic;
				INFOPLIST_FILE = tumblrUITests/Info.plist;
				LD_RUNPATH_SEARCH_PATHS = (
					"$(inherited)",
					"@executable_path/Frameworks",
					"@loader_path/Frameworks",
				);
				PRODUCT_BUNDLE_IDENTIFIER = Chris.tumblrUITests;
				PRODUCT_NAME = "$(TARGET_NAME)";
				SWIFT_VERSION = 5.0;
				TARGETED_DEVICE_FAMILY = "1,2";
				TEST_TARGET_NAME = tumblr;
			};
			name = Release;
		};
/* End XCBuildConfiguration section */

/* Begin XCConfigurationList section */
		A91F3A8523306B050046F402 /* Build configuration list for PBXProject "tumblr" */ = {
			isa = XCConfigurationList;
			buildConfigurations = (
				A91F3AB023306B060046F402 /* Debug */,
				A91F3AB123306B060046F402 /* Release */,
			);
			defaultConfigurationIsVisible = 0;
			defaultConfigurationName = Release;
		};
		A91F3AB223306B060046F402 /* Build configuration list for PBXNativeTarget "tumblr" */ = {
			isa = XCConfigurationList;
			buildConfigurations = (
				A91F3AB323306B060046F402 /* Debug */,
				A91F3AB423306B060046F402 /* Release */,
			);
			defaultConfigurationIsVisible = 0;
			defaultConfigurationName = Release;
		};
		A91F3AB523306B060046F402 /* Build configuration list for PBXNativeTarget "tumblrTests" */ = {
			isa = XCConfigurationList;
			buildConfigurations = (
				A91F3AB623306B060046F402 /* Debug */,
				A91F3AB723306B060046F402 /* Release */,
			);
			defaultConfigurationIsVisible = 0;
			defaultConfigurationName = Release;
		};
		A91F3AB823306B060046F402 /* Build configuration list for PBXNativeTarget "tumblrUITests" */ = {
			isa = XCConfigurationList;
			buildConfigurations = (
				A91F3AB923306B060046F402 /* Debug */,
				A91F3ABA23306B060046F402 /* Release */,
			);
			defaultConfigurationIsVisible = 0;
			defaultConfigurationName = Release;
		};
/* End XCConfigurationList section */
	};
	rootObject = A91F3A8223306B050046F402 /* Project object */;
}
